
Microsoft Visual Studio Solution File, Format Version 12.00
# Visual Studio Version 17
VisualStudioVersion = 17.2.32516.85
MinimumVisualStudioVersion = 10.0.40219.1
Project("{FAE04EC0-301F-11D3-BF4B-00C04F79EFBC}") = "PropertyChangedEventTest", "PropertyChangedEventTest.csproj", "{B86437E4-AB96-427D-B7E6-A3337CFDBD21}"
EndProject
Global
	GlobalSection(SolutionConfigurationPlatforms) = preSolution
		Debug|Any CPU = Debug|Any CPU
		Release|Any CPU = Release|Any CPU
	EndGlobalSection
	GlobalSection(ProjectConfigurationPlatforms) = postSolution
		{B86437E4-AB96-427D-B7E6-A3337CFDBD21}.Debug|Any CPU.ActiveCfg = Debug|Any CPU
		{B86437E4-AB96-427D-B7E6-A3337CFDBD21}.Debug|Any CPU.Build.0 = Debug|Any CPU
		{B86437E4-AB96-427D-B7E6-A3337CFDBD21}.Release|Any CPU.ActiveCfg = Release|Any CPU
		{B86437E4-AB96-427D-B7E6-A3337CFDBD21}.Release|Any CPU.Build.0 = Release|Any CPU
	EndGlobalSection
	GlobalSection(SolutionProperties) = preSolution
		HideSolutionNode = FALSE
	EndGlobalSection
	GlobalSection(ExtensibilityGlobals) = postSolution
		SolutionGuid = {1EF5D64F-799A-423E-8D23-FC030675823B}
	EndGlobalSection
EndGlobal
